
Microsoft Visual Studio Solution File, Format Version 12.00
# Visual Studio Version 17
VisualStudioVersion = 17.10.35004.147
MinimumVisualStudioVersion = 10.0.40219.1
Project("{FAE04EC0-301F-11D3-BF4B-00C04F79EFBC}") = "MillionsOfThings.WebApi", "MillionsOfThings.WebApi\MillionsOfThings.WebApi.csproj", "{5A0D12E3-179F-47D7-9CFF-CA4A8749EF9A}"
EndProject
Global
	GlobalSection(SolutionConfigurationPlatforms) = preSolution
		Debug|Any CPU = Debug|Any CPU
		Release|Any CPU = Release|Any CPU
	EndGlobalSection
	GlobalSection(ProjectConfigurationPlatforms) = postSolution
		{5A0D12E3-179F-47D7-9CFF-CA4A8749EF9A}.Debug|Any CPU.ActiveCfg = Debug|Any CPU
		{5A0D12E3-179F-47D7-9CFF-CA4A8749EF9A}.Debug|Any CPU.Build.0 = Debug|Any CPU
		{5A0D12E3-179F-47D7-9CFF-CA4A8749EF9A}.Release|Any CPU.ActiveCfg = Release|Any CPU
		{5A0D12E3-179F-47D7-9CFF-CA4A8749EF9A}.Release|Any CPU.Build.0 = Release|Any CPU
	EndGlobalSection
	GlobalSection(SolutionProperties) = preSolution
		HideSolutionNode = FALSE
	EndGlobalSection
	GlobalSection(ExtensibilityGlobals) = postSolution
		SolutionGuid = {76B53C9B-C864-4FC7-89D1-A5905B179CC1}
	EndGlobalSection
EndGlobal
